// !$*UTF8*$!
{
	archiveVersion = 1;
	classes = {
	};
	objectVersion = 46;
	objects = {

/* Begin PBXBuildFile section */
		031610C814ECBDB5001FFC9F /* Cocoa.framework in Frameworks */ = {isa = PBXBuildFile; fileRef = 031610C714ECBDB5001FFC9F /* Cocoa.framework */; };
		031610D214ECBDB5001FFC9F /* InfoPlist.strings in Resources */ = {isa = PBXBuildFile; fileRef = 031610D014ECBDB5001FFC9F /* InfoPlist.strings */; };
		031610D414ECBDB5001FFC9F /* main.m in Sources */ = {isa = PBXBuildFile; fileRef = 031610D314ECBDB5001FFC9F /* main.m */; };
		031610D814ECBDB5001FFC9F /* Credits.rtf in Resources */ = {isa = PBXBuildFile; fileRef = 031610D614ECBDB5001FFC9F /* Credits.rtf */; };
		031610DB14ECBDB5001FFC9F /* RSAppDelegate.m in Sources */ = {isa = PBXBuildFile; fileRef = 031610DA14ECBDB5001FFC9F /* RSAppDelegate.m */; };
		031610DE14ECBDB5001FFC9F /* MainMenu.xib in Resources */ = {isa = PBXBuildFile; fileRef = 031610DC14ECBDB5001FFC9F /* MainMenu.xib */; };
		031610E714ECBEAB001FFC9F /* RSTrixiePlugin.framework in CopyFiles */ = {isa = PBXBuildFile; fileRef = 031610E414ECBDCB001FFC9F /* RSTrixiePlugin.framework */; };
		031610E914ECBEE0001FFC9F /* RSTrixiePlugin.framework in Frameworks */ = {isa = PBXBuildFile; fileRef = 031610E414ECBDCB001FFC9F /* RSTrixiePlugin.framework */; };
		0369B0A114EE2B7B008EBFB3 /* ActionClick.bundle in CopyFiles */ = {isa = PBXBuildFile; fileRef = 0369B0A014EE2B7B008EBFB3 /* ActionClick.bundle */; };
		03B4C4A714EE042300FC83D7 /* ActionDemo.bundle in CopyFiles */ = {isa = PBXBuildFile; fileRef = 03B4C4A614EE042300FC83D7 /* ActionDemo.bundle */; };
/* End PBXBuildFile section */

/* Begin PBXCopyFilesBuildPhase section */
		031610E614ECBE92001FFC9F /* CopyFiles */ = {
			isa = PBXCopyFilesBuildPhase;
			buildActionMask = 2147483647;
			dstPath = "";
			dstSubfolderSpec = 10;
			files = (
				031610E714ECBEAB001FFC9F /* RSTrixiePlugin.framework in CopyFiles */,
			);
			runOnlyForDeploymentPostprocessing = 0;
		};
		0316114314ECC2BB001FFC9F /* CopyFiles */ = {
			isa = PBXCopyFilesBuildPhase;
			buildActionMask = 2147483647;
			dstPath = "";
			dstSubfolderSpec = 13;
			files = (
				03B4C4A714EE042300FC83D7 /* ActionDemo.bundle in CopyFiles */,
				0369B0A114EE2B7B008EBFB3 /* ActionClick.bundle in CopyFiles */,
			);
			runOnlyForDeploymentPostprocessing = 0;
		};
/* End PBXCopyFilesBuildPhase section */

/* Begin PBXFileReference section */
		031610C314ECBDB5001FFC9F /* RSTrixie.app */ = {isa = PBXFileReference; explicitFileType = wrapper.application; includeInIndex = 0; path = RSTrixie.app; sourceTree = BUILT_PRODUCTS_DIR; };
		031610C714ECBDB5001FFC9F /* Cocoa.framework */ = {isa = PBXFileReference; lastKnownFileType = wrapper.framework; name = Cocoa.framework; path = System/Library/Frameworks/Cocoa.framework; sourceTree = SDKROOT; };
		031610CA14ECBDB5001FFC9F /* AppKit.framework */ = {isa = PBXFileReference; lastKnownFileType = wrapper.framework; name = AppKit.framework; path = System/Library/Frameworks/AppKit.framework; sourceTree = SDKROOT; };
		031610CB14ECBDB5001FFC9F /* CoreData.framework */ = {isa = PBXFileReference; lastKnownFileType = wrapper.framework; name = CoreData.framework; path = System/Library/Frameworks/CoreData.framework; sourceTree = SDKROOT; };
		031610CC14ECBDB5001FFC9F /* Foundation.framework */ = {isa = PBXFileReference; lastKnownFileType = wrapper.framework; name = Foundation.framework; path = System/Library/Frameworks/Foundation.framework; sourceTree = SDKROOT; };
		031610CF14ECBDB5001FFC9F /* RSTrixie-Info.plist */ = {isa = PBXFileReference; lastKnownFileType = text.plist.xml; path = "RSTrixie-Info.plist"; sourceTree = "<group>"; };
		031610D114ECBDB5001FFC9F /* en */ = {isa = PBXFileReference; lastKnownFileType = text.plist.strings; name = en; path = en.lproj/InfoPlist.strings; sourceTree = "<group>"; };
		031610D314ECBDB5001FFC9F /* main.m */ = {isa = PBXFileReference; lastKnownFileType = sourcecode.c.objc; path = main.m; sourceTree = "<group>"; };
		031610D514ECBDB5001FFC9F /* RSTrixie-Prefix.pch */ = {isa = PBXFileReference; lastKnownFileType = sourcecode.c.h; path = "RSTrixie-Prefix.pch"; sourceTree = "<group>"; };
		031610D714ECBDB5001FFC9F /* en */ = {isa = PBXFileReference; lastKnownFileType = text.rtf; name = en; path = en.lproj/Credits.rtf; sourceTree = "<group>"; };
		031610D914ECBDB5001FFC9F /* RSAppDelegate.h */ = {isa = PBXFileReference; lastKnownFileType = sourcecode.c.h; path = RSAppDelegate.h; sourceTree = "<group>"; };
		031610DA14ECBDB5001FFC9F /* RSAppDelegate.m */ = {isa = PBXFileReference; lastKnownFileType = sourcecode.c.objc; path = RSAppDelegate.m; sourceTree = "<group>"; };
		031610DD14ECBDB5001FFC9F /* en */ = {isa = PBXFileReference; lastKnownFileType = file.xib; name = en; path = en.lproj/MainMenu.xib; sourceTree = "<group>"; };
		031610E414ECBDCB001FFC9F /* RSTrixiePlugin.framework */ = {isa = PBXFileReference; lastKnownFileType = wrapper.framework; name = RSTrixiePlugin.framework; path = "../../../../Library/Developer/Xcode/DerivedData/Workspace_Trixie-axnfrbtrkoszpiehooyethumxqxg/Build/Products/Debug/RSTrixiePlugin.framework"; sourceTree = "<group>"; };
		0369B0A014EE2B7B008EBFB3 /* ActionClick.bundle */ = {isa = PBXFileReference; explicitFileType = wrapper.cfbundle; path = ActionClick.bundle; sourceTree = BUILT_PRODUCTS_DIR; };
		03B4C4A614EE042300FC83D7 /* ActionDemo.bundle */ = {isa = PBXFileReference; explicitFileType = wrapper.cfbundle; path = ActionDemo.bundle; sourceTree = BUILT_PRODUCTS_DIR; };
/* End PBXFileReference section */

/* Begin PBXFrameworksBuildPhase section */
		031610C014ECBDB5001FFC9F /* Frameworks */ = {
			isa = PBXFrameworksBuildPhase;
			buildActionMask = 2147483647;
			files = (
				031610C814ECBDB5001FFC9F /* Cocoa.framework in Frameworks */,
				031610E914ECBEE0001FFC9F /* RSTrixiePlugin.framework in Frameworks */,
			);
			runOnlyForDeploymentPostprocessing = 0;
		};
/* End PBXFrameworksBuildPhase section */

/* Begin PBXGroup section */
		031610B814ECBDB5001FFC9F = {
			isa = PBXGroup;
			children = (
				031610CD14ECBDB5001FFC9F /* RSTrixie */,
				031610C614ECBDB5001FFC9F /* Frameworks */,
				031610C414ECBDB5001FFC9F /* Products */,
			);
			sourceTree = "<group>";
		};
		031610C414ECBDB5001FFC9F /* Products */ = {
			isa = PBXGroup;
			children = (
				031610C314ECBDB5001FFC9F /* RSTrixie.app */,
			);
			name = Products;
			sourceTree = "<group>";
		};
		031610C614ECBDB5001FFC9F /* Frameworks */ = {
			isa = PBXGroup;
			children = (
				031610E414ECBDCB001FFC9F /* RSTrixiePlugin.framework */,
				031610C714ECBDB5001FFC9F /* Cocoa.framework */,
				031610C914ECBDB5001FFC9F /* Other Frameworks */,
			);
			name = Frameworks;
			sourceTree = "<group>";
		};
		031610C914ECBDB5001FFC9F /* Other Frameworks */ = {
			isa = PBXGroup;
			children = (
				031610CA14ECBDB5001FFC9F /* AppKit.framework */,
				031610CB14ECBDB5001FFC9F /* CoreData.framework */,
				031610CC14ECBDB5001FFC9F /* Foundation.framework */,
			);
			name = "Other Frameworks";
			sourceTree = "<group>";
		};
		031610CD14ECBDB5001FFC9F /* RSTrixie */ = {
			isa = PBXGroup;
			children = (
				031610D914ECBDB5001FFC9F /* RSAppDelegate.h */,
				031610DA14ECBDB5001FFC9F /* RSAppDelegate.m */,
				031610DC14ECBDB5001FFC9F /* MainMenu.xib */,
				031610CE14ECBDB5001FFC9F /* Supporting Files */,
			);
			path = RSTrixie;
			sourceTree = "<group>";
		};
		031610CE14ECBDB5001FFC9F /* Supporting Files */ = {
			isa = PBXGroup;
			children = (
				0369B0A014EE2B7B008EBFB3 /* ActionClick.bundle */,
				03B4C4A614EE042300FC83D7 /* ActionDemo.bundle */,
				031610CF14ECBDB5001FFC9F /* RSTrixie-Info.plist */,
				031610D014ECBDB5001FFC9F /* InfoPlist.strings */,
				031610D314ECBDB5001FFC9F /* main.m */,
				031610D514ECBDB5001FFC9F /* RSTrixie-Prefix.pch */,
				031610D614ECBDB5001FFC9F /* Credits.rtf */,
			);
			name = "Supporting Files";
			sourceTree = "<group>";
		};
/* End PBXGroup section */

/* Begin PBXNativeTarget section */
		031610C214ECBDB5001FFC9F /* RSTrixie */ = {
			isa = PBXNativeTarget;
			buildConfigurationList = 031610E114ECBDB5001FFC9F /* Build configuration list for PBXNativeTarget "RSTrixie" */;
			buildPhases = (
				031610BF14ECBDB5001FFC9F /* Sources */,
				031610C014ECBDB5001FFC9F /* Frameworks */,
				031610C114ECBDB5001FFC9F /* Resources */,
				031610E614ECBE92001FFC9F /* CopyFiles */,
				0316114314ECC2BB001FFC9F /* CopyFiles */,
			);
			buildRules = (
			);
			dependencies = (
			);
			name = RSTrixie;
			productName = RSTrixie;
			productReference = 031610C314ECBDB5001FFC9F /* RSTrixie.app */;
			productType = "com.apple.product-type.application";
		};
/* End PBXNativeTarget section */

/* Begin PBXProject section */
		031610BA14ECBDB5001FFC9F /* Project object */ = {
			isa = PBXProject;
			attributes = {
				LastUpgradeCheck = 0420;
				ORGANIZATIONNAME = "Roaring Sky";
			};
			buildConfigurationList = 031610BD14ECBDB5001FFC9F /* Build configuration list for PBXProject "RSTrixie" */;
			compatibilityVersion = "Xcode 3.2";
			developmentRegion = English;
			hasScannedForEncodings = 0;
			knownRegions = (
				en,
			);
			mainGroup = 031610B814ECBDB5001FFC9F;
			productRefGroup = 031610C414ECBDB5001FFC9F /* Products */;
			projectDirPath = "";
			projectRoot = "";
			targets = (
				031610C214ECBDB5001FFC9F /* RSTrixie */,
			);
		};
/* End PBXProject section */

/* Begin PBXResourcesBuildPhase section */
		031610C114ECBDB5001FFC9F /* Resources */ = {
			isa = PBXResourcesBuildPhase;
			buildActionMask = 2147483647;
			files = (
				031610D214ECBDB5001FFC9F /* InfoPlist.strings in Resources */,
				031610D814ECBDB5001FFC9F /* Credits.rtf in Resources */,
				031610DE14ECBDB5001FFC9F /* MainMenu.xib in Resources */,
			);
			runOnlyForDeploymentPostprocessing = 0;
		};
/* End PBXResourcesBuildPhase section */

/* Begin PBXSourcesBuildPhase section */
		031610BF14ECBDB5001FFC9F /* Sources */ = {
			isa = PBXSourcesBuildPhase;
			buildActionMask = 2147483647;
			files = (
				031610D414ECBDB5001FFC9F /* main.m in Sources */,
				031610DB14ECBDB5001FFC9F /* RSAppDelegate.m in Sources */,
			);
			runOnlyForDeploymentPostprocessing = 0;
		};
/* End PBXSourcesBuildPhase section */

/* Begin PBXVariantGroup section */
		031610D014ECBDB5001FFC9F /* InfoPlist.strings */ = {
			isa = PBXVariantGroup;
			children = (
				031610D114ECBDB5001FFC9F /* en */,
			);
			name = InfoPlist.strings;
			sourceTree = "<group>";
		};
		031610D614ECBDB5001FFC9F /* Credits.rtf */ = {
			isa = PBXVariantGroup;
			children = (
				031610D714ECBDB5001FFC9F /* en */,
			);
			name = Credits.rtf;
			sourceTree = "<group>";
		};
		031610DC14ECBDB5001FFC9F /* MainMenu.xib */ = {
			isa = PBXVariantGroup;
			children = (
				031610DD14ECBDB5001FFC9F /* en */,
			);
			name = MainMenu.xib;
			sourceTree = "<group>";
		};
/* End PBXVariantGroup section */

/* Begin XCBuildConfiguration section */
		031610DF14ECBDB5001FFC9F /* Debug */ = {
			isa = XCBuildConfiguration;
			buildSettings = {
				ALWAYS_SEARCH_USER_PATHS = NO;
				ARCHS = "$(ARCHS_STANDARD_64_BIT)";
				CLANG_ENABLE_OBJC_ARC = YES;
				COPY_PHASE_STRIP = NO;
				GCC_C_LANGUAGE_STANDARD = gnu99;
				GCC_DYNAMIC_NO_PIC = NO;
				GCC_ENABLE_OBJC_EXCEPTIONS = YES;
				GCC_OPTIMIZATION_LEVEL = 0;
				GCC_PREPROCESSOR_DEFINITIONS = (
					"DEBUG=1",
					"$(inherited)",
				);
				GCC_SYMBOLS_PRIVATE_EXTERN = NO;
				GCC_VERSION = com.apple.compilers.llvm.clang.1_0;
				GCC_WARN_64_TO_32_BIT_CONVERSION = YES;
				GCC_WARN_ABOUT_MISSING_PROTOTYPES = YES;
				GCC_WARN_ABOUT_RETURN_TYPE = YES;
				GCC_WARN_UNUSED_VARIABLE = YES;
				MACOSX_DEPLOYMENT_TARGET = 10.7;
				ONLY_ACTIVE_ARCH = YES;
				SDKROOT = macosx;
			};
			name = Debug;
		};
		031610E014ECBDB5001FFC9F /* Release */ = {
			isa = XCBuildConfiguration;
			buildSettings = {
				ALWAYS_SEARCH_USER_PATHS = NO;
				ARCHS = "$(ARCHS_STANDARD_64_BIT)";
				CLANG_ENABLE_OBJC_ARC = YES;
				COPY_PHASE_STRIP = YES;
				DEBUG_INFORMATION_FORMAT = "dwarf-with-dsym";
				GCC_C_LANGUAGE_STANDARD = gnu99;
				GCC_ENABLE_OBJC_EXCEPTIONS = YES;
				GCC_VERSION = com.apple.compilers.llvm.clang.1_0;
				GCC_WARN_64_TO_32_BIT_CONVERSION = YES;
				GCC_WARN_ABOUT_MISSING_PROTOTYPES = YES;
				GCC_WARN_ABOUT_RETURN_TYPE = YES;
				GCC_WARN_UNUSED_VARIABLE = YES;
				MACOSX_DEPLOYMENT_TARGET = 10.7;
				SDKROOT = macosx;
			};
			name = Release;
		};
		031610E214ECBDB5001FFC9F /* Debug */ = {
			isa = XCBuildConfiguration;
			buildSettings = {
				FRAMEWORK_SEARCH_PATHS = (
					"$(inherited)",
					"\"$(SRCROOT)/../../../../Library/Developer/Xcode/DerivedData/Workspace_Trixie-axnfrbtrkoszpiehooyethumxqxg/Build/Products/Debug\"",
					"~/Code/Workspaces/Trixie/RSTrixiePlugin/RSTrixiePlugin",
				);
				GCC_PRECOMPILE_PREFIX_HEADER = YES;
				GCC_PREFIX_HEADER = "RSTrixie/RSTrixie-Prefix.pch";
				INFOPLIST_FILE = "RSTrixie/RSTrixie-Info.plist";
				LD_RUNPATH_SEARCH_PATHS = "@executable_path/../Frameworks";
				PRODUCT_NAME = "$(TARGET_NAME)";
				WRAPPER_EXTENSION = app;
			};
			name = Debug;
		};
		031610E314ECBDB5001FFC9F /* Release */ = {
			isa = XCBuildConfiguration;
			buildSettings = {
				FRAMEWORK_SEARCH_PATHS = (
					"$(inherited)",
					"\"$(SRCROOT)/../../../../Library/Developer/Xcode/DerivedData/Workspace_Trixie-axnfrbtrkoszpiehooyethumxqxg/Build/Products/Debug\"",
					"~/Code/Workspaces/Trixie/RSTrixiePlugin/RSTrixiePlugin",
				);
				GCC_PRECOMPILE_PREFIX_HEADER = YES;
				GCC_PREFIX_HEADER = "RSTrixie/RSTrixie-Prefix.pch";
				INFOPLIST_FILE = "RSTrixie/RSTrixie-Info.plist";
				LD_RUNPATH_SEARCH_PATHS = "@executable_path/../Frameworks";
				PRODUCT_NAME = "$(TARGET_NAME)";
				WRAPPER_EXTENSION = app;
			};
			name = Release;
		};
/* End XCBuildConfiguration section */

/* Begin XCConfigurationList section */
		031610BD14ECBDB5001FFC9F /* Build configuration list for PBXProject "RSTrixie" */ = {
			isa = XCConfigurationList;
			buildConfigurations = (
				031610DF14ECBDB5001FFC9F /* Debug */,
				031610E014ECBDB5001FFC9F /* Release */,
			);
			defaultConfigurationIsVisible = 0;
			defaultConfigurationName = Release;
		};
		031610E114ECBDB5001FFC9F /* Build configuration list for PBXNativeTarget "RSTrixie" */ = {
			isa = XCConfigurationList;
			buildConfigurations = (
				031610E214ECBDB5001FFC9F /* Debug */,
				031610E314ECBDB5001FFC9F /* Release */,
			);
			defaultConfigurationIsVisible = 0;
			defaultConfigurationName = Release;
		};
/* End XCConfigurationList section */
	};
	rootObject = 031610BA14ECBDB5001FFC9F /* Project object */;
}
